
Microsoft Visual Studio Solution File, Format Version 12.00
# Visual Studio 15
VisualStudioVersion = 15.0.27428.2011
MinimumVisualStudioVersion = 10.0.40219.1
Project("{FAE04EC0-301F-11D3-BF4B-00C04F79EFBC}") = "Client", "Client\Client.csproj", "{E44FADB4-ACDB-45E3-BE21-1974533D2DC9}"
EndProject
Project("{FAE04EC0-301F-11D3-BF4B-00C04F79EFBC}") = "Server", "Server\Server.csproj", "{073A73FC-E4F5-49CD-9E50-EDABABE84F86}"
EndProject
Global
	GlobalSection(SolutionConfigurationPlatforms) = preSolution
		Debug|Any CPU = Debug|Any CPU
		Release|Any CPU = Release|Any CPU
	EndGlobalSection
	GlobalSection(ProjectConfigurationPlatforms) = postSolution
		{E44FADB4-ACDB-45E3-BE21-1974533D2DC9}.Debug|Any CPU.ActiveCfg = Debug|Any CPU
		{E44FADB4-ACDB-45E3-BE21-1974533D2DC9}.Debug|Any CPU.Build.0 = Debug|Any CPU
		{E44FADB4-ACDB-45E3-BE21-1974533D2DC9}.Release|Any CPU.ActiveCfg = Release|Any CPU
		{E44FADB4-ACDB-45E3-BE21-1974533D2DC9}.Release|Any CPU.Build.0 = Release|Any CPU
		{073A73FC-E4F5-49CD-9E50-EDABABE84F86}.Debug|Any CPU.ActiveCfg = Debug|Any CPU
		{073A73FC-E4F5-49CD-9E50-EDABABE84F86}.Debug|Any CPU.Build.0 = Debug|Any CPU
		{073A73FC-E4F5-49CD-9E50-EDABABE84F86}.Release|Any CPU.ActiveCfg = Release|Any CPU
		{073A73FC-E4F5-49CD-9E50-EDABABE84F86}.Release|Any CPU.Build.0 = Release|Any CPU
	EndGlobalSection
	GlobalSection(SolutionProperties) = preSolution
		HideSolutionNode = FALSE
	EndGlobalSection
	GlobalSection(ExtensibilityGlobals) = postSolution
		SolutionGuid = {B509E986-3B5D-49AE-AF64-AE58106FD318}
	EndGlobalSection
EndGlobal
